
Microsoft Visual Studio Solution File, Format Version 12.00
# Visual Studio Version 16
VisualStudioVersion = 16.0.31112.23
MinimumVisualStudioVersion = 10.0.40219.1
Project("{FAE04EC0-301F-11D3-BF4B-00C04F79EFBC}") = "Aurora", "Aurora\Aurora.csproj", "{585D2A4F-B1A3-4B72-A751-108036C8445E}"
EndProject
Project("{FAE04EC0-301F-11D3-BF4B-00C04F79EFBC}") = "UI", "UI\UI.csproj", "{10BEEBE9-746A-4717-9993-18AD5D363539}"
EndProject
Project("{FAE04EC0-301F-11D3-BF4B-00C04F79EFBC}") = "Math", "Math\Math.csproj", "{0A6F14A5-0A23-4E0E-88C7-07D4AF5D446E}"
EndProject
Global
	GlobalSection(SolutionConfigurationPlatforms) = preSolution
		Debug|Any CPU = Debug|Any CPU
		Release|Any CPU = Release|Any CPU
	EndGlobalSection
	GlobalSection(ProjectConfigurationPlatforms) = postSolution
		{585D2A4F-B1A3-4B72-A751-108036C8445E}.Debug|Any CPU.ActiveCfg = Debug|Any CPU
		{585D2A4F-B1A3-4B72-A751-108036C8445E}.Debug|Any CPU.Build.0 = Debug|Any CPU
		{585D2A4F-B1A3-4B72-A751-108036C8445E}.Release|Any CPU.ActiveCfg = Release|Any CPU
		{585D2A4F-B1A3-4B72-A751-108036C8445E}.Release|Any CPU.Build.0 = Release|Any CPU
		{10BEEBE9-746A-4717-9993-18AD5D363539}.Debug|Any CPU.ActiveCfg = Debug|Any CPU
		{10BEEBE9-746A-4717-9993-18AD5D363539}.Debug|Any CPU.Build.0 = Debug|Any CPU
		{10BEEBE9-746A-4717-9993-18AD5D363539}.Release|Any CPU.ActiveCfg = Release|Any CPU
		{10BEEBE9-746A-4717-9993-18AD5D363539}.Release|Any CPU.Build.0 = Release|Any CPU
		{0A6F14A5-0A23-4E0E-88C7-07D4AF5D446E}.Debug|Any CPU.ActiveCfg = Debug|Any CPU
		{0A6F14A5-0A23-4E0E-88C7-07D4AF5D446E}.Debug|Any CPU.Build.0 = Debug|Any CPU
		{0A6F14A5-0A23-4E0E-88C7-07D4AF5D446E}.Release|Any CPU.ActiveCfg = Release|Any CPU
		{0A6F14A5-0A23-4E0E-88C7-07D4AF5D446E}.Release|Any CPU.Build.0 = Release|Any CPU
	EndGlobalSection
	GlobalSection(SolutionProperties) = preSolution
		HideSolutionNode = FALSE
	EndGlobalSection
	GlobalSection(ExtensibilityGlobals) = postSolution
		SolutionGuid = {2D9DECD5-4400-40BD-8C72-09F74FA220DC}
	EndGlobalSection
EndGlobal
